
Microsoft Visual Studio Solution File, Format Version 12.00
# Visual Studio Version 17
VisualStudioVersion = 17.1.32407.343
MinimumVisualStudioVersion = 10.0.40219.1
Project("{9A19103F-16F7-4668-BE54-9A1E7A4F7556}") = "a03 - what is linq", "a03 - what is linq\a03 - what is linq.csproj", "{DEF81A1D-242F-46ED-A959-F3E1C1176E81}"
EndProject
Project("{9A19103F-16F7-4668-BE54-9A1E7A4F7556}") = "a04 - IEnumerable", "a04 - IEnumerable\a04 - IEnumerable.csproj", "{84CD9805-B0D4-4A6B-BA7D-4045188C0680}"
EndProject
Project("{9A19103F-16F7-4668-BE54-9A1E7A4F7556}") = "a05 - LINQ examples", "LINQ examples\a05 - LINQ examples.csproj", "{F08BB632-AE53-40D1-84BA-8C5897ECDFAC}"
EndProject
Project("{9A19103F-16F7-4668-BE54-9A1E7A4F7556}") = "a06 - LINQ queries on objects", "LINQ queries on objects\a06 - LINQ queries on objects.csproj", "{DD3A9A94-2C28-4FD4-AFC8-8F994B02FCE4}"
EndProject
Project("{9A19103F-16F7-4668-BE54-9A1E7A4F7556}") = "a07 - creating and extracting", "a07 - creating and extracting\a07 - creating and extracting.csproj", "{9255833E-725E-4019-B4BF-7296403851BF}"
EndProject
Project("{FAE04EC0-301F-11D3-BF4B-00C04F79EFBC}") = "a08 - the let keyword", "a08 - the let keyword\a08 - the let keyword.csproj", "{2CC87F9F-1BDB-4295-B66B-EEADA4A25BFE}"
EndProject
Global
	GlobalSection(SolutionConfigurationPlatforms) = preSolution
		Debug|Any CPU = Debug|Any CPU
		Release|Any CPU = Release|Any CPU
	EndGlobalSection
	GlobalSection(ProjectConfigurationPlatforms) = postSolution
		{DEF81A1D-242F-46ED-A959-F3E1C1176E81}.Debug|Any CPU.ActiveCfg = Debug|Any CPU
		{DEF81A1D-242F-46ED-A959-F3E1C1176E81}.Debug|Any CPU.Build.0 = Debug|Any CPU
		{DEF81A1D-242F-46ED-A959-F3E1C1176E81}.Release|Any CPU.ActiveCfg = Release|Any CPU
		{DEF81A1D-242F-46ED-A959-F3E1C1176E81}.Release|Any CPU.Build.0 = Release|Any CPU
		{84CD9805-B0D4-4A6B-BA7D-4045188C0680}.Debug|Any CPU.ActiveCfg = Debug|Any CPU
		{84CD9805-B0D4-4A6B-BA7D-4045188C0680}.Debug|Any CPU.Build.0 = Debug|Any CPU
		{84CD9805-B0D4-4A6B-BA7D-4045188C0680}.Release|Any CPU.ActiveCfg = Release|Any CPU
		{84CD9805-B0D4-4A6B-BA7D-4045188C0680}.Release|Any CPU.Build.0 = Release|Any CPU
		{F08BB632-AE53-40D1-84BA-8C5897ECDFAC}.Debug|Any CPU.ActiveCfg = Debug|Any CPU
		{F08BB632-AE53-40D1-84BA-8C5897ECDFAC}.Debug|Any CPU.Build.0 = Debug|Any CPU
		{F08BB632-AE53-40D1-84BA-8C5897ECDFAC}.Release|Any CPU.ActiveCfg = Release|Any CPU
		{F08BB632-AE53-40D1-84BA-8C5897ECDFAC}.Release|Any CPU.Build.0 = Release|Any CPU
		{DD3A9A94-2C28-4FD4-AFC8-8F994B02FCE4}.Debug|Any CPU.ActiveCfg = Debug|Any CPU
		{DD3A9A94-2C28-4FD4-AFC8-8F994B02FCE4}.Debug|Any CPU.Build.0 = Debug|Any CPU
		{DD3A9A94-2C28-4FD4-AFC8-8F994B02FCE4}.Release|Any CPU.ActiveCfg = Release|Any CPU
		{DD3A9A94-2C28-4FD4-AFC8-8F994B02FCE4}.Release|Any CPU.Build.0 = Release|Any CPU
		{9255833E-725E-4019-B4BF-7296403851BF}.Debug|Any CPU.ActiveCfg = Debug|Any CPU
		{9255833E-725E-4019-B4BF-7296403851BF}.Debug|Any CPU.Build.0 = Debug|Any CPU
		{9255833E-725E-4019-B4BF-7296403851BF}.Release|Any CPU.ActiveCfg = Release|Any CPU
		{9255833E-725E-4019-B4BF-7296403851BF}.Release|Any CPU.Build.0 = Release|Any CPU
		{2CC87F9F-1BDB-4295-B66B-EEADA4A25BFE}.Debug|Any CPU.ActiveCfg = Debug|Any CPU
		{2CC87F9F-1BDB-4295-B66B-EEADA4A25BFE}.Debug|Any CPU.Build.0 = Debug|Any CPU
		{2CC87F9F-1BDB-4295-B66B-EEADA4A25BFE}.Release|Any CPU.ActiveCfg = Release|Any CPU
		{2CC87F9F-1BDB-4295-B66B-EEADA4A25BFE}.Release|Any CPU.Build.0 = Release|Any CPU
	EndGlobalSection
	GlobalSection(SolutionProperties) = preSolution
		HideSolutionNode = FALSE
	EndGlobalSection
	GlobalSection(ExtensibilityGlobals) = postSolution
		SolutionGuid = {EE0DFC10-1E0E-4CF7-8681-16203362F4A5}
	EndGlobalSection
EndGlobal
