
Microsoft Visual Studio Solution File, Format Version 12.00
# Visual Studio Version 17
VisualStudioVersion = 17.1.32407.343
MinimumVisualStudioVersion = 10.0.40219.1
Project("{FAE04EC0-301F-11D3-BF4B-00C04F79EFBC}") = "a26 - grouping introduction", "a26 - grouping introduction\a26 - grouping introduction.csproj", "{B02796EB-B87E-4C9D-9833-B8BA620E8C4F}"
EndProject
Project("{FAE04EC0-301F-11D3-BF4B-00C04F79EFBC}") = "a27 - grouping by custom key", "a27 - grouping by custom key\a27 - grouping by custom key.csproj", "{DB07225D-4819-4890-B3AB-C5ADDDF793B2}"
EndProject
Global
	GlobalSection(SolutionConfigurationPlatforms) = preSolution
		Debug|Any CPU = Debug|Any CPU
		Release|Any CPU = Release|Any CPU
	EndGlobalSection
	GlobalSection(ProjectConfigurationPlatforms) = postSolution
		{B02796EB-B87E-4C9D-9833-B8BA620E8C4F}.Debug|Any CPU.ActiveCfg = Debug|Any CPU
		{B02796EB-B87E-4C9D-9833-B8BA620E8C4F}.Debug|Any CPU.Build.0 = Debug|Any CPU
		{B02796EB-B87E-4C9D-9833-B8BA620E8C4F}.Release|Any CPU.ActiveCfg = Release|Any CPU
		{B02796EB-B87E-4C9D-9833-B8BA620E8C4F}.Release|Any CPU.Build.0 = Release|Any CPU
		{DB07225D-4819-4890-B3AB-C5ADDDF793B2}.Debug|Any CPU.ActiveCfg = Debug|Any CPU
		{DB07225D-4819-4890-B3AB-C5ADDDF793B2}.Debug|Any CPU.Build.0 = Debug|Any CPU
		{DB07225D-4819-4890-B3AB-C5ADDDF793B2}.Release|Any CPU.ActiveCfg = Release|Any CPU
		{DB07225D-4819-4890-B3AB-C5ADDDF793B2}.Release|Any CPU.Build.0 = Release|Any CPU
	EndGlobalSection
	GlobalSection(SolutionProperties) = preSolution
		HideSolutionNode = FALSE
	EndGlobalSection
	GlobalSection(ExtensibilityGlobals) = postSolution
		SolutionGuid = {7B777051-BCBD-4C1B-8565-C74F33941BBF}
	EndGlobalSection
EndGlobal
