
Microsoft Visual Studio Solution File, Format Version 12.00
# Visual Studio Version 17
VisualStudioVersion = 17.1.32407.343
MinimumVisualStudioVersion = 10.0.40219.1
Project("{FAE04EC0-301F-11D3-BF4B-00C04F79EFBC}") = "LINQPad introduction", "LINQPad introduction\LINQPad introduction.csproj", "{4658DE01-CEDF-40E8-8649-981731CB3C39}"
EndProject
Global
	GlobalSection(SolutionConfigurationPlatforms) = preSolution
		Debug|Any CPU = Debug|Any CPU
		Release|Any CPU = Release|Any CPU
	EndGlobalSection
	GlobalSection(ProjectConfigurationPlatforms) = postSolution
		{4658DE01-CEDF-40E8-8649-981731CB3C39}.Debug|Any CPU.ActiveCfg = Debug|Any CPU
		{4658DE01-CEDF-40E8-8649-981731CB3C39}.Debug|Any CPU.Build.0 = Debug|Any CPU
		{4658DE01-CEDF-40E8-8649-981731CB3C39}.Release|Any CPU.ActiveCfg = Release|Any CPU
		{4658DE01-CEDF-40E8-8649-981731CB3C39}.Release|Any CPU.Build.0 = Release|Any CPU
	EndGlobalSection
	GlobalSection(SolutionProperties) = preSolution
		HideSolutionNode = FALSE
	EndGlobalSection
	GlobalSection(ExtensibilityGlobals) = postSolution
		SolutionGuid = {3FEC5110-1849-48BA-894D-F8EF4AC55B9B}
	EndGlobalSection
EndGlobal
